PODS:
  - GCDWebServer (3.5.4):
    - GCDWebServer/Core (= 3.5.4)
  - GCDWebServer/Core (3.5.4)

DEPENDENCIES:
  - GCDWebServer (~> 3.0)

SPEC REPOS:
  https://github.com/CocoaPods/Specs.git:
    - GCDWebServer

SPEC CHECKSUMS:
  GCDWebServer: 2c156a56c8226e2d5c0c3f208a3621ccffbe3ce4

PODFILE CHECKSUM: 98b5549631e6ccb40a99743c0f888e95ed639bc3

COCOAPODS: 1.11.2
